
Microsoft Visual Studio Solution File, Format Version 12.00
# Visual Studio Version 17
VisualStudioVersion = 17.10.34928.147
MinimumVisualStudioVersion = 10.0.40219.1
Project("{9A19103F-16F7-4668-BE54-9A1E7A4F7556}") = "TelegramMessangerPressingReport", "TelegramMessangerPressingReport\TelegramMessangerPressingReport.csproj", "{1A0DC17E-835A-48B9-8A55-574594BBA03E}"
	ProjectSection(ProjectDependencies) = postProject
		{61899D99-250A-4755-B7F9-2494CCD9C518} = {61899D99-250A-4755-B7F9-2494CCD9C518}
		{681C3F0C-CD9D-4704-81A4-AE8CA5EB14C9} = {681C3F0C-CD9D-4704-81A4-AE8CA5EB14C9}
		{8E334FE2-AE33-420C-AAD7-999BC24BE89F} = {8E334FE2-AE33-420C-AAD7-999BC24BE89F}
	EndProjectSection
EndProject
Project("{9A19103F-16F7-4668-BE54-9A1E7A4F7556}") = "DataBasePomelo", "DataBasePomelo\DataBasePomelo.csproj", "{681C3F0C-CD9D-4704-81A4-AE8CA5EB14C9}"
	ProjectSection(ProjectDependencies) = postProject
		{61899D99-250A-4755-B7F9-2494CCD9C518} = {61899D99-250A-4755-B7F9-2494CCD9C518}
	EndProjectSection
EndProject
Project("{9A19103F-16F7-4668-BE54-9A1E7A4F7556}") = "SharedLibrary", "SharedLibrary\SharedLibrary.csproj", "{61899D99-250A-4755-B7F9-2494CCD9C518}"
EndProject
Project("{9A19103F-16F7-4668-BE54-9A1E7A4F7556}") = "EndShiftService", "EndShiftService\EndShiftService.csproj", "{8E334FE2-AE33-420C-AAD7-999BC24BE89F}"
	ProjectSection(ProjectDependencies) = postProject
		{61899D99-250A-4755-B7F9-2494CCD9C518} = {61899D99-250A-4755-B7F9-2494CCD9C518}
	EndProjectSection
EndProject
Project("{FAE04EC0-301F-11D3-BF4B-00C04F79EFBC}") = "TelegramService", "TelegramService\TelegramService.csproj", "{711640D8-0106-4B82-933F-BD0878DC84D7}"
EndProject
Global
	GlobalSection(SolutionConfigurationPlatforms) = preSolution
		Debug|Any CPU = Debug|Any CPU
		Release|Any CPU = Release|Any CPU
	EndGlobalSection
	GlobalSection(ProjectConfigurationPlatforms) = postSolution
		{1A0DC17E-835A-48B9-8A55-574594BBA03E}.Debug|Any CPU.ActiveCfg = Debug|Any CPU
		{1A0DC17E-835A-48B9-8A55-574594BBA03E}.Debug|Any CPU.Build.0 = Debug|Any CPU
		{1A0DC17E-835A-48B9-8A55-574594BBA03E}.Release|Any CPU.ActiveCfg = Release|Any CPU
		{1A0DC17E-835A-48B9-8A55-574594BBA03E}.Release|Any CPU.Build.0 = Release|Any CPU
		{681C3F0C-CD9D-4704-81A4-AE8CA5EB14C9}.Debug|Any CPU.ActiveCfg = Debug|Any CPU
		{681C3F0C-CD9D-4704-81A4-AE8CA5EB14C9}.Debug|Any CPU.Build.0 = Debug|Any CPU
		{681C3F0C-CD9D-4704-81A4-AE8CA5EB14C9}.Release|Any CPU.ActiveCfg = Release|Any CPU
		{681C3F0C-CD9D-4704-81A4-AE8CA5EB14C9}.Release|Any CPU.Build.0 = Release|Any CPU
		{61899D99-250A-4755-B7F9-2494CCD9C518}.Debug|Any CPU.ActiveCfg = Debug|Any CPU
		{61899D99-250A-4755-B7F9-2494CCD9C518}.Debug|Any CPU.Build.0 = Debug|Any CPU
		{61899D99-250A-4755-B7F9-2494CCD9C518}.Release|Any CPU.ActiveCfg = Release|Any CPU
		{61899D99-250A-4755-B7F9-2494CCD9C518}.Release|Any CPU.Build.0 = Release|Any CPU
		{8E334FE2-AE33-420C-AAD7-999BC24BE89F}.Debug|Any CPU.ActiveCfg = Debug|Any CPU
		{8E334FE2-AE33-420C-AAD7-999BC24BE89F}.Debug|Any CPU.Build.0 = Debug|Any CPU
		{8E334FE2-AE33-420C-AAD7-999BC24BE89F}.Release|Any CPU.ActiveCfg = Release|Any CPU
		{8E334FE2-AE33-420C-AAD7-999BC24BE89F}.Release|Any CPU.Build.0 = Release|Any CPU
		{711640D8-0106-4B82-933F-BD0878DC84D7}.Debug|Any CPU.ActiveCfg = Debug|Any CPU
		{711640D8-0106-4B82-933F-BD0878DC84D7}.Debug|Any CPU.Build.0 = Debug|Any CPU
		{711640D8-0106-4B82-933F-BD0878DC84D7}.Release|Any CPU.ActiveCfg = Release|Any CPU
		{711640D8-0106-4B82-933F-BD0878DC84D7}.Release|Any CPU.Build.0 = Release|Any CPU
	EndGlobalSection
	GlobalSection(SolutionProperties) = preSolution
		HideSolutionNode = FALSE
	EndGlobalSection
	GlobalSection(ExtensibilityGlobals) = postSolution
		SolutionGuid = {1FDA495A-6D14-4C5C-BFD4-1DDD4B482255}
	EndGlobalSection
EndGlobal
